// !$*UTF8*$!
{
	archiveVersion = 1;
	classes = {
	};
	objectVersion = 50;
	objects = {

/* Begin PBXBuildFile section */
		340588EE2206F02900F01075 /* AWUI.m in Sources */ = {isa = PBXBuildFile; fileRef = 340588ED2206F02900F01075 /* AWUI.m */; };
		340588F22208091200F01075 /* SchoolModel.m in Sources */ = {isa = PBXBuildFile; fileRef = 340588F12208091200F01075 /* SchoolModel.m */; };
		340588F52209755D00F01075 /* UserModel.m in Sources */ = {isa = PBXBuildFile; fileRef = 340588F42209755D00F01075 /* UserModel.m */; };
		340588F822097B0800F01075 /* ChooseMajorViewController.m in Sources */ = {isa = PBXBuildFile; fileRef = 340588F722097B0800F01075 /* ChooseMajorViewController.m */; };
		345E20B7220170CF00E583FD /* AWTextField.m in Sources */ = {isa = PBXBuildFile; fileRef = 345E20B6220170CF00E583FD /* AWTextField.m */; };
		345E20BA2201954600E583FD /* ChooseSchoolViewController.m in Sources */ = {isa = PBXBuildFile; fileRef = 345E20B92201954600E583FD /* ChooseSchoolViewController.m */; };
		34A79F192203D737006A68E5 /* AWAPI.m in Sources */ = {isa = PBXBuildFile; fileRef = 34A79F182203D737006A68E5 /* AWAPI.m */; };
		34A79F1C22041F57006A68E5 /* AWNetwork.m in Sources */ = {isa = PBXBuildFile; fileRef = 34A79F1A22041F57006A68E5 /* AWNetwork.m */; };
		34E9FDED2209B12600DB4DA0 /* MajorModel.m in Sources */ = {isa = PBXBuildFile; fileRef = 34E9FDEC2209B12600DB4DA0 /* MajorModel.m */; };
		34E9FDF0220AB6EF00DB4DA0 /* ChooseGradeViewController.m in Sources */ = {isa = PBXBuildFile; fileRef = 34E9FDEF220AB6EF00DB4DA0 /* ChooseGradeViewController.m */; };
		34EC464D22008E4700B5329D /* AppDelegate.m in Sources */ = {isa = PBXBuildFile; fileRef = 34EC464C22008E4700B5329D /* AppDelegate.m */; };
		34EC465522008E4800B5329D /* Assets.xcassets in Resources */ = {isa = PBXBuildFile; fileRef = 34EC465422008E4800B5329D /* Assets.xcassets */; };
		34EC465822008E4800B5329D /* LaunchScreen.storyboard in Resources */ = {isa = PBXBuildFile; fileRef = 34EC465622008E4800B5329D /* LaunchScreen.storyboard */; };
		34EC465B22008E4800B5329D /* main.m in Sources */ = {isa = PBXBuildFile; fileRef = 34EC465A22008E4800B5329D /* main.m */; };
		34EC46AE22016A9800B5329D /* SignInViewController.m in Sources */ = {isa = PBXBuildFile; fileRef = 34EC46AD22016A9800B5329D /* SignInViewController.m */; };
		34EC46B222016F8B00B5329D /* BaseViewController.m in Sources */ = {isa = PBXBuildFile; fileRef = 34EC46B122016F8B00B5329D /* BaseViewController.m */; };
		B5EC909DFC7AA2521173A308 /* libPods-used-book-ios.a in Frameworks */ = {isa = PBXBuildFile; fileRef = 337594A05791DD7BEE79E80F /* libPods-used-book-ios.a */; };
/* End PBXBuildFile section */

/* Begin PBXFileReference section */
		337594A05791DD7BEE79E80F /* libPods-used-book-ios.a */ = {isa = PBXFileReference; explicitFileType = archive.ar; includeInIndex = 0; path = "libPods-used-book-ios.a"; sourceTree = BUILT_PRODUCTS_DIR; };
		340588EC2206F02900F01075 /* AWUI.h */ = {isa = PBXFileReference; fileEncoding = 4; lastKnownFileType = sourcecode.c.h; path = AWUI.h; sourceTree = "<group>"; };
		340588ED2206F02900F01075 /* AWUI.m */ = {isa = PBXFileReference; fileEncoding = 4; lastKnownFileType = sourcecode.c.objc; path = AWUI.m; sourceTree = "<group>"; };
		340588F02208091200F01075 /* SchoolModel.h */ = {isa = PBXFileReference; lastKnownFileType = sourcecode.c.h; path = SchoolModel.h; sourceTree = "<group>"; };
		340588F12208091200F01075 /* SchoolModel.m */ = {isa = PBXFileReference; lastKnownFileType = sourcecode.c.objc; path = SchoolModel.m; sourceTree = "<group>"; };
		340588F32209755D00F01075 /* UserModel.h */ = {isa = PBXFileReference; lastKnownFileType = sourcecode.c.h; path = UserModel.h; sourceTree = "<group>"; };
		340588F42209755D00F01075 /* UserModel.m */ = {isa = PBXFileReference; lastKnownFileType = sourcecode.c.objc; path = UserModel.m; sourceTree = "<group>"; };
		340588F622097B0800F01075 /* ChooseMajorViewController.h */ = {isa = PBXFileReference; lastKnownFileType = sourcecode.c.h; path = ChooseMajorViewController.h; sourceTree = "<group>"; };
		340588F722097B0800F01075 /* ChooseMajorViewController.m */ = {isa = PBXFileReference; lastKnownFileType = sourcecode.c.objc; path = ChooseMajorViewController.m; sourceTree = "<group>"; };
		345E20B5220170CF00E583FD /* AWTextField.h */ = {isa = PBXFileReference; lastKnownFileType = sourcecode.c.h; path = AWTextField.h; sourceTree = "<group>"; };
		345E20B6220170CF00E583FD /* AWTextField.m */ = {isa = PBXFileReference; lastKnownFileType = sourcecode.c.objc; path = AWTextField.m; sourceTree = "<group>"; };
		345E20B82201954600E583FD /* ChooseSchoolViewController.h */ = {isa = PBXFileReference; lastKnownFileType = sourcecode.c.h; path = ChooseSchoolViewController.h; sourceTree = "<group>"; };
		345E20B92201954600E583FD /* ChooseSchoolViewController.m */ = {isa = PBXFileReference; lastKnownFileType = sourcecode.c.objc; path = ChooseSchoolViewController.m; sourceTree = "<group>"; };
		34A79F172203D737006A68E5 /* AWAPI.h */ = {isa = PBXFileReference; lastKnownFileType = sourcecode.c.h; path = AWAPI.h; sourceTree = "<group>"; };
		34A79F182203D737006A68E5 /* AWAPI.m */ = {isa = PBXFileReference; lastKnownFileType = sourcecode.c.objc; path = AWAPI.m; sourceTree = "<group>"; };
		34A79F1A22041F57006A68E5 /* AWNetwork.m */ = {isa = PBXFileReference; fileEncoding = 4; lastKnownFileType = sourcecode.c.objc; path = AWNetwork.m; sourceTree = "<group>"; };
		34A79F1B22041F57006A68E5 /* AWNetwork.h */ = {isa = PBXFileReference; fileEncoding = 4; lastKnownFileType = sourcecode.c.h; path = AWNetwork.h; sourceTree = "<group>"; };
		34E9FDEB2209B12600DB4DA0 /* MajorModel.h */ = {isa = PBXFileReference; lastKnownFileType = sourcecode.c.h; path = MajorModel.h; sourceTree = "<group>"; };
		34E9FDEC2209B12600DB4DA0 /* MajorModel.m */ = {isa = PBXFileReference; lastKnownFileType = sourcecode.c.objc; path = MajorModel.m; sourceTree = "<group>"; };
		34E9FDEE220AB6EF00DB4DA0 /* ChooseGradeViewController.h */ = {isa = PBXFileReference; lastKnownFileType = sourcecode.c.h; path = ChooseGradeViewController.h; sourceTree = "<group>"; };
		34E9FDEF220AB6EF00DB4DA0 /* ChooseGradeViewController.m */ = {isa = PBXFileReference; lastKnownFileType = sourcecode.c.objc; path = ChooseGradeViewController.m; sourceTree = "<group>"; };
		34EC464822008E4700B5329D /* used-book-ios.app */ = {isa = PBXFileReference; explicitFileType = wrapper.application; includeInIndex = 0; path = "used-book-ios.app"; sourceTree = BUILT_PRODUCTS_DIR; };
		34EC464B22008E4700B5329D /* AppDelegate.h */ = {isa = PBXFileReference; lastKnownFileType = sourcecode.c.h; path = AppDelegate.h; sourceTree = "<group>"; };
		34EC464C22008E4700B5329D /* AppDelegate.m */ = {isa = PBXFileReference; lastKnownFileType = sourcecode.c.objc; path = AppDelegate.m; sourceTree = "<group>"; };
		34EC465422008E4800B5329D /* Assets.xcassets */ = {isa = PBXFileReference; lastKnownFileType = folder.assetcatalog; path = Assets.xcassets; sourceTree = "<group>"; };
		34EC465722008E4800B5329D /* Base */ = {isa = PBXFileReference; lastKnownFileType = file.storyboard; name = Base; path = Base.lproj/LaunchScreen.storyboard; sourceTree = "<group>"; };
		34EC465922008E4800B5329D /* Info.plist */ = {isa = PBXFileReference; lastKnownFileType = text.plist.xml; path = Info.plist; sourceTree = "<group>"; };
		34EC465A22008E4800B5329D /* main.m */ = {isa = PBXFileReference; lastKnownFileType = sourcecode.c.objc; path = main.m; sourceTree = "<group>"; };
		34EC46AB2201692800B5329D /* PrefixHeader.pch */ = {isa = PBXFileReference; lastKnownFileType = sourcecode.c.h; path = PrefixHeader.pch; sourceTree = "<group>"; };
		34EC46AC22016A9800B5329D /* SignInViewController.h */ = {isa = PBXFileReference; lastKnownFileType = sourcecode.c.h; path = SignInViewController.h; sourceTree = "<group>"; };
		34EC46AD22016A9800B5329D /* SignInViewController.m */ = {isa = PBXFileReference; lastKnownFileType = sourcecode.c.objc; path = SignInViewController.m; sourceTree = "<group>"; };
		34EC46B022016F8B00B5329D /* BaseViewController.h */ = {isa = PBXFileReference; lastKnownFileType = sourcecode.c.h; path = BaseViewController.h; sourceTree = "<group>"; };
		34EC46B122016F8B00B5329D /* BaseViewController.m */ = {isa = PBXFileReference; lastKnownFileType = sourcecode.c.objc; path = BaseViewController.m; sourceTree = "<group>"; };
		A29A5B0045635A15A0A601CB /* Pods-used-book-ios.release.xcconfig */ = {isa = PBXFileReference; includeInIndex = 1; lastKnownFileType = text.xcconfig; name = "Pods-used-book-ios.release.xcconfig"; path = "Pods/Target Support Files/Pods-used-book-ios/Pods-used-book-ios.release.xcconfig"; sourceTree = "<group>"; };
		A6D0B4559FE784C38C08D73C /* Pods-used-book-ios.debug.xcconfig */ = {isa = PBXFileReference; includeInIndex = 1; lastKnownFileType = text.xcconfig; name = "Pods-used-book-ios.debug.xcconfig"; path = "Pods/Target Support Files/Pods-used-book-ios/Pods-used-book-ios.debug.xcconfig"; sourceTree = "<group>"; };
/* End PBXFileReference section */

/* Begin PBXFrameworksBuildPhase section */
		34EC464522008E4700B5329D /* Frameworks */ = {
			isa = PBXFrameworksBuildPhase;
			buildActionMask = 2147483647;
			files = (
				B5EC909DFC7AA2521173A308 /* libPods-used-book-ios.a in Frameworks */,
			);
			runOnlyForDeploymentPostprocessing = 0;
		};
/* End PBXFrameworksBuildPhase section */

/* Begin PBXGroup section */
		150E803533516972B3BA3C53 /* Frameworks */ = {
			isa = PBXGroup;
			children = (
				337594A05791DD7BEE79E80F /* libPods-used-book-ios.a */,
			);
			name = Frameworks;
			sourceTree = "<group>";
		};
		340588EF220808FB00F01075 /* Model */ = {
			isa = PBXGroup;
			children = (
				340588F02208091200F01075 /* SchoolModel.h */,
				340588F12208091200F01075 /* SchoolModel.m */,
				340588F32209755D00F01075 /* UserModel.h */,
				340588F42209755D00F01075 /* UserModel.m */,
				34E9FDEB2209B12600DB4DA0 /* MajorModel.h */,
				34E9FDEC2209B12600DB4DA0 /* MajorModel.m */,
			);
			path = Model;
			sourceTree = "<group>";
		};
		345E20B42201708F00E583FD /* View */ = {
			isa = PBXGroup;
			children = (
				345E20B5220170CF00E583FD /* AWTextField.h */,
				345E20B6220170CF00E583FD /* AWTextField.m */,
			);
			path = View;
			sourceTree = "<group>";
		};
		34A79F132203D47B006A68E5 /* Common */ = {
			isa = PBXGroup;
			children = (
				340588EC2206F02900F01075 /* AWUI.h */,
				340588ED2206F02900F01075 /* AWUI.m */,
				34A79F1B22041F57006A68E5 /* AWNetwork.h */,
				34A79F1A22041F57006A68E5 /* AWNetwork.m */,
				34EC46B022016F8B00B5329D /* BaseViewController.h */,
				34EC46B122016F8B00B5329D /* BaseViewController.m */,
				34A79F172203D737006A68E5 /* AWAPI.h */,
				34A79F182203D737006A68E5 /* AWAPI.m */,
				34EC46AB2201692800B5329D /* PrefixHeader.pch */,
			);
			path = Common;
			sourceTree = "<group>";
		};
		34EC463F22008E4700B5329D = {
			isa = PBXGroup;
			children = (
				34EC464A22008E4700B5329D /* used-book-ios */,
				34EC464922008E4700B5329D /* Products */,
				D1C1385F06687447BAB67A6E /* Pods */,
				150E803533516972B3BA3C53 /* Frameworks */,
			);
			sourceTree = "<group>";
		};
		34EC464922008E4700B5329D /* Products */ = {
			isa = PBXGroup;
			children = (
				34EC464822008E4700B5329D /* used-book-ios.app */,
			);
			name = Products;
			sourceTree = "<group>";
		};
		34EC464A22008E4700B5329D /* used-book-ios */ = {
			isa = PBXGroup;
			children = (
				340588EF220808FB00F01075 /* Model */,
				34A79F132203D47B006A68E5 /* Common */,
				345E20B42201708F00E583FD /* View */,
				34EC46AF22016AA100B5329D /* Controller */,
				34EC464B22008E4700B5329D /* AppDelegate.h */,
				34EC464C22008E4700B5329D /* AppDelegate.m */,
				34EC465422008E4800B5329D /* Assets.xcassets */,
				34EC465622008E4800B5329D /* LaunchScreen.storyboard */,
				34EC465922008E4800B5329D /* Info.plist */,
				34EC465A22008E4800B5329D /* main.m */,
			);
			path = "used-book-ios";
			sourceTree = "<group>";
		};
		34EC46AF22016AA100B5329D /* Controller */ = {
			isa = PBXGroup;
			children = (
				34EC46AC22016A9800B5329D /* SignInViewController.h */,
				34EC46AD22016A9800B5329D /* SignInViewController.m */,
				345E20B82201954600E583FD /* ChooseSchoolViewController.h */,
				345E20B92201954600E583FD /* ChooseSchoolViewController.m */,
				340588F622097B0800F01075 /* ChooseMajorViewController.h */,
				340588F722097B0800F01075 /* ChooseMajorViewController.m */,
				34E9FDEE220AB6EF00DB4DA0 /* ChooseGradeViewController.h */,
				34E9FDEF220AB6EF00DB4DA0 /* ChooseGradeViewController.m */,
			);
			path = Controller;
			sourceTree = "<group>";
		};
		D1C1385F06687447BAB67A6E /* Pods */ = {
			isa = PBXGroup;
			children = (
				A6D0B4559FE784C38C08D73C /* Pods-used-book-ios.debug.xcconfig */,
				A29A5B0045635A15A0A601CB /* Pods-used-book-ios.release.xcconfig */,
			);
			name = Pods;
			sourceTree = "<group>";
		};
/* End PBXGroup section */

/* Begin PBXNativeTarget section */
		34EC464722008E4700B5329D /* used-book-ios */ = {
			isa = PBXNativeTarget;
			buildConfigurationList = 34EC465E22008E4800B5329D /* Build configuration list for PBXNativeTarget "used-book-ios" */;
			buildPhases = (
				48F9B4F3445EFD25E6DFA124 /* [CP] Check Pods Manifest.lock */,
				34EC464422008E4700B5329D /* Sources */,
				34EC464522008E4700B5329D /* Frameworks */,
				34EC464622008E4700B5329D /* Resources */,
			);
			buildRules = (
			);
			dependencies = (
			);
			name = "used-book-ios";
			productName = "used-book-ios";
			productReference = 34EC464822008E4700B5329D /* used-book-ios.app */;
			productType = "com.apple.product-type.application";
		};
/* End PBXNativeTarget section */

/* Begin PBXProject section */
		34EC464022008E4700B5329D /* Project object */ = {
			isa = PBXProject;
			attributes = {
				LastUpgradeCheck = 1010;
				ORGANIZATIONNAME = Taylor;
				TargetAttributes = {
					34EC464722008E4700B5329D = {
						CreatedOnToolsVersion = 10.1;
					};
				};
			};
			buildConfigurationList = 34EC464322008E4700B5329D /* Build configuration list for PBXProject "used-book-ios" */;
			compatibilityVersion = "Xcode 9.3";
			developmentRegion = en;
			hasScannedForEncodings = 0;
			knownRegions = (
				en,
				Base,
			);
			mainGroup = 34EC463F22008E4700B5329D;
			productRefGroup = 34EC464922008E4700B5329D /* Products */;
			projectDirPath = "";
			projectRoot = "";
			targets = (
				34EC464722008E4700B5329D /* used-book-ios */,
			);
		};
/* End PBXProject section */

/* Begin PBXResourcesBuildPhase section */
		34EC464622008E4700B5329D /* Resources */ = {
			isa = PBXResourcesBuildPhase;
			buildActionMask = 2147483647;
			files = (
				34EC465822008E4800B5329D /* LaunchScreen.storyboard in Resources */,
				34EC465522008E4800B5329D /* Assets.xcassets in Resources */,
			);
			runOnlyForDeploymentPostprocessing = 0;
		};
/* End PBXResourcesBuildPhase section */

/* Begin PBXShellScriptBuildPhase section */
		48F9B4F3445EFD25E6DFA124 /* [CP] Check Pods Manifest.lock */ = {
			isa = PBXShellScriptBuildPhase;
			buildActionMask = 2147483647;
			files = (
			);
			inputFileListPaths = (
			);
			inputPaths = (
				"${PODS_PODFILE_DIR_PATH}/Podfile.lock",
				"${PODS_ROOT}/Manifest.lock",
			);
			name = "[CP] Check Pods Manifest.lock";
			outputFileListPaths = (
			);
			outputPaths = (
				"$(DERIVED_FILE_DIR)/Pods-used-book-ios-checkManifestLockResult.txt",
			);
			runOnlyForDeploymentPostprocessing = 0;
			shellPath = /bin/sh;
			shellScript = "diff \"${PODS_PODFILE_DIR_PATH}/Podfile.lock\" \"${PODS_ROOT}/Manifest.lock\" > /dev/null\nif [ $? != 0 ] ; then\n    # print error to STDERR\n    echo \"error: The sandbox is not in sync with the Podfile.lock. Run 'pod install' or update your CocoaPods installation.\" >&2\n    exit 1\nfi\n# This output is used by Xcode 'outputs' to avoid re-running this script phase.\necho \"SUCCESS\" > \"${SCRIPT_OUTPUT_FILE_0}\"\n";
			showEnvVarsInLog = 0;
		};
/* End PBXShellScriptBuildPhase section */

/* Begin PBXSourcesBuildPhase section */
		34EC464422008E4700B5329D /* Sources */ = {
			isa = PBXSourcesBuildPhase;
			buildActionMask = 2147483647;
			files = (
				34A79F1C22041F57006A68E5 /* AWNetwork.m in Sources */,
				34E9FDF0220AB6EF00DB4DA0 /* ChooseGradeViewController.m in Sources */,
				34EC46AE22016A9800B5329D /* SignInViewController.m in Sources */,
				340588EE2206F02900F01075 /* AWUI.m in Sources */,
				340588F52209755D00F01075 /* UserModel.m in Sources */,
				34E9FDED2209B12600DB4DA0 /* MajorModel.m in Sources */,
				34EC46B222016F8B00B5329D /* BaseViewController.m in Sources */,
				34EC465B22008E4800B5329D /* main.m in Sources */,
				345E20BA2201954600E583FD /* ChooseSchoolViewController.m in Sources */,
				34A79F192203D737006A68E5 /* AWAPI.m in Sources */,
				34EC464D22008E4700B5329D /* AppDelegate.m in Sources */,
				345E20B7220170CF00E583FD /* AWTextField.m in Sources */,
				340588F22208091200F01075 /* SchoolModel.m in Sources */,
				340588F822097B0800F01075 /* ChooseMajorViewController.m in Sources */,
			);
			runOnlyForDeploymentPostprocessing = 0;
		};
/* End PBXSourcesBuildPhase section */

/* Begin PBXVariantGroup section */
		34EC465622008E4800B5329D /* LaunchScreen.storyboard */ = {
			isa = PBXVariantGroup;
			children = (
				34EC465722008E4800B5329D /* Base */,
			);
			name = LaunchScreen.storyboard;
			sourceTree = "<group>";
		};
/* End PBXVariantGroup section */

/* Begin XCBuildConfiguration section */
		34EC465C22008E4800B5329D /* Debug */ = {
			isa = XCBuildConfiguration;
			buildSettings = {
				ALWAYS_SEARCH_USER_PATHS = NO;
				CLANG_ANALYZER_NONNULL = YES;
				CLANG_ANALYZER_NUMBER_OBJECT_CONVERSION = YES_AGGRESSIVE;
				CLANG_CXX_LANGUAGE_STANDARD = "gnu++14";
				CLANG_CXX_LIBRARY = "libc++";
				CLANG_ENABLE_MODULES = YES;
				CLANG_ENABLE_OBJC_ARC = YES;
				CLANG_ENABLE_OBJC_WEAK = YES;
				CLANG_WARN_BLOCK_CAPTURE_AUTORELEASING = YES;
				CLANG_WARN_BOOL_CONVERSION = YES;
				CLANG_WARN_COMMA = YES;
				CLANG_WARN_CONSTANT_CONVERSION = YES;
				CLANG_WARN_DEPRECATED_OBJC_IMPLEMENTATIONS = YES;
				CLANG_WARN_DIRECT_OBJC_ISA_USAGE = YES_ERROR;
				CLANG_WARN_DOCUMENTATION_COMMENTS = YES;
				CLANG_WARN_EMPTY_BODY = YES;
				CLANG_WARN_ENUM_CONVERSION = YES;
				CLANG_WARN_INFINITE_RECURSION = YES;
				CLANG_WARN_INT_CONVERSION = YES;
				CLANG_WARN_NON_LITERAL_NULL_CONVERSION = YES;
				CLANG_WARN_OBJC_IMPLICIT_RETAIN_SELF = YES;
				CLANG_WARN_OBJC_LITERAL_CONVERSION = YES;
				CLANG_WARN_OBJC_ROOT_CLASS = YES_ERROR;
				CLANG_WARN_RANGE_LOOP_ANALYSIS = YES;
				CLANG_WARN_STRICT_PROTOTYPES = YES;
				CLANG_WARN_SUSPICIOUS_MOVE = YES;
				CLANG_WARN_UNGUARDED_AVAILABILITY = YES_AGGRESSIVE;
				CLANG_WARN_UNREACHABLE_CODE = YES;
				CLANG_WARN__DUPLICATE_METHOD_MATCH = YES;
				CODE_SIGN_IDENTITY = "iPhone Developer";
				COPY_PHASE_STRIP = NO;
				DEBUG_INFORMATION_FORMAT = dwarf;
				ENABLE_STRICT_OBJC_MSGSEND = YES;
				ENABLE_TESTABILITY = YES;
				GCC_C_LANGUAGE_STANDARD = gnu11;
				GCC_DYNAMIC_NO_PIC = NO;
				GCC_NO_COMMON_BLOCKS = YES;
				GCC_OPTIMIZATION_LEVEL = 0;
				GCC_PREPROCESSOR_DEFINITIONS = (
					"DEBUG=1",
					"$(inherited)",
				);
				GCC_WARN_64_TO_32_BIT_CONVERSION = YES;
				GCC_WARN_ABOUT_RETURN_TYPE = YES_ERROR;
				GCC_WARN_UNDECLARED_SELECTOR = YES;
				GCC_WARN_UNINITIALIZED_AUTOS = YES_AGGRESSIVE;
				GCC_WARN_UNUSED_FUNCTION = YES;
				GCC_WARN_UNUSED_VARIABLE = YES;
				IPHONEOS_DEPLOYMENT_TARGET = 12.1;
				MTL_ENABLE_DEBUG_INFO = INCLUDE_SOURCE;
				MTL_FAST_MATH = YES;
				ONLY_ACTIVE_ARCH = YES;
				SDKROOT = iphoneos;
			};
			name = Debug;
		};
		34EC465D22008E4800B5329D /* Release */ = {
			isa = XCBuildConfiguration;
			buildSettings = {
				ALWAYS_SEARCH_USER_PATHS = NO;
				CLANG_ANALYZER_NONNULL = YES;
				CLANG_ANALYZER_NUMBER_OBJECT_CONVERSION = YES_AGGRESSIVE;
				CLANG_CXX_LANGUAGE_STANDARD = "gnu++14";
				CLANG_CXX_LIBRARY = "libc++";
				CLANG_ENABLE_MODULES = YES;
				CLANG_ENABLE_OBJC_ARC = YES;
				CLANG_ENABLE_OBJC_WEAK = YES;
				CLANG_WARN_BLOCK_CAPTURE_AUTORELEASING = YES;
				CLANG_WARN_BOOL_CONVERSION = YES;
				CLANG_WARN_COMMA = YES;
				CLANG_WARN_CONSTANT_CONVERSION = YES;
				CLANG_WARN_DEPRECATED_OBJC_IMPLEMENTATIONS = YES;
				CLANG_WARN_DIRECT_OBJC_ISA_USAGE = YES_ERROR;
				CLANG_WARN_DOCUMENTATION_COMMENTS = YES;
				CLANG_WARN_EMPTY_BODY = YES;
				CLANG_WARN_ENUM_CONVERSION = YES;
				CLANG_WARN_INFINITE_RECURSION = YES;
				CLANG_WARN_INT_CONVERSION = YES;
				CLANG_WARN_NON_LITERAL_NULL_CONVERSION = YES;
				CLANG_WARN_OBJC_IMPLICIT_RETAIN_SELF = YES;
				CLANG_WARN_OBJC_LITERAL_CONVERSION = YES;
				CLANG_WARN_OBJC_ROOT_CLASS = YES_ERROR;
				CLANG_WARN_RANGE_LOOP_ANALYSIS = YES;
				CLANG_WARN_STRICT_PROTOTYPES = YES;
				CLANG_WARN_SUSPICIOUS_MOVE = YES;
				CLANG_WARN_UNGUARDED_AVAILABILITY = YES_AGGRESSIVE;
				CLANG_WARN_UNREACHABLE_CODE = YES;
				CLANG_WARN__DUPLICATE_METHOD_MATCH = YES;
				CODE_SIGN_IDENTITY = "iPhone Developer";
				COPY_PHASE_STRIP = NO;
				DEBUG_INFORMATION_FORMAT = "dwarf-with-dsym";
				ENABLE_NS_ASSERTIONS = NO;
				ENABLE_STRICT_OBJC_MSGSEND = YES;
				GCC_C_LANGUAGE_STANDARD = gnu11;
				GCC_NO_COMMON_BLOCKS = YES;
				GCC_WARN_64_TO_32_BIT_CONVERSION = YES;
				GCC_WARN_ABOUT_RETURN_TYPE = YES_ERROR;
				GCC_WARN_UNDECLARED_SELECTOR = YES;
				GCC_WARN_UNINITIALIZED_AUTOS = YES_AGGRESSIVE;
				GCC_WARN_UNUSED_FUNCTION = YES;
				GCC_WARN_UNUSED_VARIABLE = YES;
				IPHONEOS_DEPLOYMENT_TARGET = 12.1;
				MTL_ENABLE_DEBUG_INFO = NO;
				MTL_FAST_MATH = YES;
				SDKROOT = iphoneos;
				VALIDATE_PRODUCT = YES;
			};
			name = Release;
		};
		34EC465F22008E4800B5329D /* Debug */ = {
			isa = XCBuildConfiguration;
			baseConfigurationReference = A6D0B4559FE784C38C08D73C /* Pods-used-book-ios.debug.xcconfig */;
			buildSettings = {
				ASSETCATALOG_COMPILER_APPICON_NAME = AppIcon;
				CODE_SIGN_STYLE = Automatic;
				GCC_PRECOMPILE_PREFIX_HEADER = YES;
				GCC_PREFIX_HEADER = "$(SRCROOT)/used-book-ios/Common/PrefixHeader.pch";
				INFOPLIST_FILE = "used-book-ios/Info.plist";
				IPHONEOS_DEPLOYMENT_TARGET = 9.0;
				LD_RUNPATH_SEARCH_PATHS = (
					"$(inherited)",
					"@executable_path/Frameworks",
				);
				PRODUCT_BUNDLE_IDENTIFIER = "cn.swiftwhale.used-book-ios";
				PRODUCT_NAME = "$(TARGET_NAME)";
				TARGETED_DEVICE_FAMILY = 1;
			};
			name = Debug;
		};
		34EC466022008E4800B5329D /* Release */ = {
			isa = XCBuildConfiguration;
			baseConfigurationReference = A29A5B0045635A15A0A601CB /* Pods-used-book-ios.release.xcconfig */;
			buildSettings = {
				ASSETCATALOG_COMPILER_APPICON_NAME = AppIcon;
				CODE_SIGN_STYLE = Automatic;
				GCC_PRECOMPILE_PREFIX_HEADER = YES;
				GCC_PREFIX_HEADER = "$(SRCROOT)/used-book-ios/Common/PrefixHeader.pch";
				INFOPLIST_FILE = "used-book-ios/Info.plist";
				IPHONEOS_DEPLOYMENT_TARGET = 9.0;
				LD_RUNPATH_SEARCH_PATHS = (
					"$(inherited)",
					"@executable_path/Frameworks",
				);
				PRODUCT_BUNDLE_IDENTIFIER = "cn.swiftwhale.used-book-ios";
				PRODUCT_NAME = "$(TARGET_NAME)";
				TARGETED_DEVICE_FAMILY = 1;
			};
			name = Release;
		};
/* End XCBuildConfiguration section */

/* Begin XCConfigurationList section */
		34EC464322008E4700B5329D /* Build configuration list for PBXProject "used-book-ios" */ = {
			isa = XCConfigurationList;
			buildConfigurations = (
				34EC465C22008E4800B5329D /* Debug */,
				34EC465D22008E4800B5329D /* Release */,
			);
			defaultConfigurationIsVisible = 0;
			defaultConfigurationName = Release;
		};
		34EC465E22008E4800B5329D /* Build configuration list for PBXNativeTarget "used-book-ios" */ = {
			isa = XCConfigurationList;
			buildConfigurations = (
				34EC465F22008E4800B5329D /* Debug */,
				34EC466022008E4800B5329D /* Release */,
			);
			defaultConfigurationIsVisible = 0;
			defaultConfigurationName = Release;
		};
/* End XCConfigurationList section */
	};
	rootObject = 34EC464022008E4700B5329D /* Project object */;
}
